
Microsoft Visual Studio Solution File, Format Version 12.00
# Visual Studio Version 17
VisualStudioVersion = 17.14.36221.1
MinimumVisualStudioVersion = 10.0.40219.1
Project("{FAE04EC0-301F-11D3-BF4B-00C04F79EFBC}") = "API", "Department\API.csproj", "{ED306F95-82FE-4D52-BBA0-7743229BE7B0}"
EndProject
Project("{FAE04EC0-301F-11D3-BF4B-00C04F79EFBC}") = "Domain", "Domain\Domain.csproj", "{E9C2DDCA-BAB9-4020-B74C-34C88967F3B8}"
EndProject
Project("{FAE04EC0-301F-11D3-BF4B-00C04F79EFBC}") = "Application", "Application\Application.csproj", "{E434B96F-98A4-42BF-BA09-28BDCC2D67F9}"
EndProject
Project("{FAE04EC0-301F-11D3-BF4B-00C04F79EFBC}") = "Infrastructure", "Infrastructure\Infrastructure.csproj", "{C72700E8-BC70-4C96-8A55-41B8F3174714}"
EndProject
Global
	GlobalSection(SolutionConfigurationPlatforms) = preSolution
		Debug|Any CPU = Debug|Any CPU
		Release|Any CPU = Release|Any CPU
	EndGlobalSection
	GlobalSection(ProjectConfigurationPlatforms) = postSolution
		{ED306F95-82FE-4D52-BBA0-7743229BE7B0}.Debug|Any CPU.ActiveCfg = Debug|Any CPU
		{ED306F95-82FE-4D52-BBA0-7743229BE7B0}.Debug|Any CPU.Build.0 = Debug|Any CPU
		{ED306F95-82FE-4D52-BBA0-7743229BE7B0}.Release|Any CPU.ActiveCfg = Release|Any CPU
		{ED306F95-82FE-4D52-BBA0-7743229BE7B0}.Release|Any CPU.Build.0 = Release|Any CPU
		{E9C2DDCA-BAB9-4020-B74C-34C88967F3B8}.Debug|Any CPU.ActiveCfg = Debug|Any CPU
		{E9C2DDCA-BAB9-4020-B74C-34C88967F3B8}.Debug|Any CPU.Build.0 = Debug|Any CPU
		{E9C2DDCA-BAB9-4020-B74C-34C88967F3B8}.Release|Any CPU.ActiveCfg = Release|Any CPU
		{E9C2DDCA-BAB9-4020-B74C-34C88967F3B8}.Release|Any CPU.Build.0 = Release|Any CPU
		{E434B96F-98A4-42BF-BA09-28BDCC2D67F9}.Debug|Any CPU.ActiveCfg = Debug|Any CPU
		{E434B96F-98A4-42BF-BA09-28BDCC2D67F9}.Debug|Any CPU.Build.0 = Debug|Any CPU
		{E434B96F-98A4-42BF-BA09-28BDCC2D67F9}.Release|Any CPU.ActiveCfg = Release|Any CPU
		{E434B96F-98A4-42BF-BA09-28BDCC2D67F9}.Release|Any CPU.Build.0 = Release|Any CPU
		{C72700E8-BC70-4C96-8A55-41B8F3174714}.Debug|Any CPU.ActiveCfg = Debug|Any CPU
		{C72700E8-BC70-4C96-8A55-41B8F3174714}.Debug|Any CPU.Build.0 = Debug|Any CPU
		{C72700E8-BC70-4C96-8A55-41B8F3174714}.Release|Any CPU.ActiveCfg = Release|Any CPU
		{C72700E8-BC70-4C96-8A55-41B8F3174714}.Release|Any CPU.Build.0 = Release|Any CPU
	EndGlobalSection
	GlobalSection(SolutionProperties) = preSolution
		HideSolutionNode = FALSE
	EndGlobalSection
	GlobalSection(ExtensibilityGlobals) = postSolution
		SolutionGuid = {41ABA35D-B872-4D3F-B6A3-796EE94390FC}
	EndGlobalSection
EndGlobal
